
Microsoft Visual Studio Solution File, Format Version 12.00
# Visual Studio Version 16
VisualStudioVersion = 16.0.30320.27
MinimumVisualStudioVersion = 10.0.40219.1
Project("{9A19103F-16F7-4668-BE54-9A1E7A4F7556}") = "SearchFight.Console", "SearchFight.Console\SearchFight.Console.csproj", "{68E21398-6B70-4495-800E-B1E2B8F2529E}"
EndProject
Project("{9A19103F-16F7-4668-BE54-9A1E7A4F7556}") = "SearchFight.Tests", "SearchFight.Tests\SearchFight.Tests.csproj", "{ECECA4CE-B4F8-4B03-9D49-4B5936E74440}"
EndProject
Project("{FAE04EC0-301F-11D3-BF4B-00C04F79EFBC}") = "SearchFight.Services", "SearchFight.Services\SearchFight.Services.csproj", "{09591ECC-6485-44EF-BBC8-4414E647C69F}"
EndProject
Project("{FAE04EC0-301F-11D3-BF4B-00C04F79EFBC}") = "Search.Common", "Search.Common\Search.Common.csproj", "{3EEDBF61-723D-4A3A-B87A-C939B138BFDC}"
EndProject
Project("{FAE04EC0-301F-11D3-BF4B-00C04F79EFBC}") = "SearchFight.Common", "SearchFight.Common\SearchFight.Common.csproj", "{798AD544-D7D6-4999-822F-AA7A0297A89E}"
EndProject
Global
	GlobalSection(SolutionConfigurationPlatforms) = preSolution
		Debug|Any CPU = Debug|Any CPU
		Release|Any CPU = Release|Any CPU
	EndGlobalSection
	GlobalSection(ProjectConfigurationPlatforms) = postSolution
		{68E21398-6B70-4495-800E-B1E2B8F2529E}.Debug|Any CPU.ActiveCfg = Debug|Any CPU
		{68E21398-6B70-4495-800E-B1E2B8F2529E}.Debug|Any CPU.Build.0 = Debug|Any CPU
		{68E21398-6B70-4495-800E-B1E2B8F2529E}.Release|Any CPU.ActiveCfg = Release|Any CPU
		{68E21398-6B70-4495-800E-B1E2B8F2529E}.Release|Any CPU.Build.0 = Release|Any CPU
		{ECECA4CE-B4F8-4B03-9D49-4B5936E74440}.Debug|Any CPU.ActiveCfg = Debug|Any CPU
		{ECECA4CE-B4F8-4B03-9D49-4B5936E74440}.Debug|Any CPU.Build.0 = Debug|Any CPU
		{ECECA4CE-B4F8-4B03-9D49-4B5936E74440}.Release|Any CPU.ActiveCfg = Release|Any CPU
		{ECECA4CE-B4F8-4B03-9D49-4B5936E74440}.Release|Any CPU.Build.0 = Release|Any CPU
		{09591ECC-6485-44EF-BBC8-4414E647C69F}.Debug|Any CPU.ActiveCfg = Debug|Any CPU
		{09591ECC-6485-44EF-BBC8-4414E647C69F}.Debug|Any CPU.Build.0 = Debug|Any CPU
		{09591ECC-6485-44EF-BBC8-4414E647C69F}.Release|Any CPU.ActiveCfg = Release|Any CPU
		{09591ECC-6485-44EF-BBC8-4414E647C69F}.Release|Any CPU.Build.0 = Release|Any CPU
		{3EEDBF61-723D-4A3A-B87A-C939B138BFDC}.Debug|Any CPU.ActiveCfg = Debug|Any CPU
		{3EEDBF61-723D-4A3A-B87A-C939B138BFDC}.Debug|Any CPU.Build.0 = Debug|Any CPU
		{3EEDBF61-723D-4A3A-B87A-C939B138BFDC}.Release|Any CPU.ActiveCfg = Release|Any CPU
		{3EEDBF61-723D-4A3A-B87A-C939B138BFDC}.Release|Any CPU.Build.0 = Release|Any CPU
		{798AD544-D7D6-4999-822F-AA7A0297A89E}.Debug|Any CPU.ActiveCfg = Debug|Any CPU
		{798AD544-D7D6-4999-822F-AA7A0297A89E}.Debug|Any CPU.Build.0 = Debug|Any CPU
		{798AD544-D7D6-4999-822F-AA7A0297A89E}.Release|Any CPU.ActiveCfg = Release|Any CPU
		{798AD544-D7D6-4999-822F-AA7A0297A89E}.Release|Any CPU.Build.0 = Release|Any CPU
	EndGlobalSection
	GlobalSection(SolutionProperties) = preSolution
		HideSolutionNode = FALSE
	EndGlobalSection
	GlobalSection(ExtensibilityGlobals) = postSolution
		SolutionGuid = {FBCC54A2-4364-484C-8F08-FAE5EF8B09F8}
	EndGlobalSection
EndGlobal
